
Microsoft Visual Studio Solution File, Format Version 12.00
# Visual Studio 15
Project("{FAE04EC0-301F-11D3-BF4B-00C04F79EFBC}") = "Meta.WitAi.Conduit", "Meta.WitAi.Conduit.csproj", "{7F1F62A1-CA69-D749-A861-CD59643A51D7}"
EndProject
Project("{FAE04EC0-301F-11D3-BF4B-00C04F79EFBC}") = "Oculus.VR", "Oculus.VR.csproj", "{77475B0F-B86C-1B79-8EE5-F930FD1F9065}"
EndProject
Project("{FAE04EC0-301F-11D3-BF4B-00C04F79EFBC}") = "Oculus.Interaction", "Oculus.Interaction.csproj", "{36CDDCCE-2710-C345-0864-DA4C004B59E8}"
EndProject
Project("{FAE04EC0-301F-11D3-BF4B-00C04F79EFBC}") = "Oculus.Interaction.Editor", "Oculus.Interaction.Editor.csproj", "{0BF65F8D-2284-8523-1D4F-C24A1B344D37}"
EndProject
Project("{FAE04EC0-301F-11D3-BF4B-00C04F79EFBC}") = "Oculus.Platform", "Oculus.Platform.csproj", "{885FB3CC-AFD8-6F45-47CF-F170BB1BB9A7}"
EndProject
Project("{FAE04EC0-301F-11D3-BF4B-00C04F79EFBC}") = "VoiceSDK.Telemetry", "VoiceSDK.Telemetry.csproj", "{B8B93BDD-DCEE-9576-9F6F-1C5781E77239}"
EndProject
Project("{FAE04EC0-301F-11D3-BF4B-00C04F79EFBC}") = "Assembly-CSharp", "Assembly-CSharp.csproj", "{88C7AABF-9341-E7CE-F500-56B4C50C4DA0}"
EndProject
Project("{FAE04EC0-301F-11D3-BF4B-00C04F79EFBC}") = "Oculus.Interaction.OVR.Samples", "Oculus.Interaction.OVR.Samples.csproj", "{0829CD91-E9DC-D42F-46D2-326B62BB39B3}"
EndProject
Project("{FAE04EC0-301F-11D3-BF4B-00C04F79EFBC}") = "Meta.WitAi.Lib", "Meta.WitAi.Lib.csproj", "{33A15429-E527-DE98-DD96-78B284FAFBEE}"
EndProject
Project("{FAE04EC0-301F-11D3-BF4B-00C04F79EFBC}") = "Meta.WitAi.Editor", "Meta.WitAi.Editor.csproj", "{C5ABFD1F-0540-3AD6-B567-55E033CEDDE0}"
EndProject
Project("{FAE04EC0-301F-11D3-BF4B-00C04F79EFBC}") = "Meta.WitAi.Conduit.Editor", "Meta.WitAi.Conduit.Editor.csproj", "{8029313D-C598-4950-F34A-B56B8A1A540A}"
EndProject
Project("{FAE04EC0-301F-11D3-BF4B-00C04F79EFBC}") = "Meta.WitAi", "Meta.WitAi.csproj", "{B5E1813F-5861-B9CD-7F38-51D2C8BFD076}"
EndProject
Project("{FAE04EC0-301F-11D3-BF4B-00C04F79EFBC}") = "Oculus.VR.Editor", "Oculus.VR.Editor.csproj", "{561C403E-C35B-ACF4-1757-BFEDF5974A6D}"
EndProject
Project("{FAE04EC0-301F-11D3-BF4B-00C04F79EFBC}") = "Oculus.Interaction.OVR.Editor", "Oculus.Interaction.OVR.Editor.csproj", "{9272D2A5-67CB-2C39-2654-108A68C406BF}"
EndProject
Project("{FAE04EC0-301F-11D3-BF4B-00C04F79EFBC}") = "Oculus.LipSync", "Oculus.LipSync.csproj", "{72C79911-F1DF-44CB-91FE-84479EDB4A7E}"
EndProject
Project("{FAE04EC0-301F-11D3-BF4B-00C04F79EFBC}") = "Oculus.Interaction.OVR", "Oculus.Interaction.OVR.csproj", "{0D89275F-C2A5-FCC9-2E4D-A559C9F98ABA}"
EndProject
Project("{FAE04EC0-301F-11D3-BF4B-00C04F79EFBC}") = "VoiceSDK.Editor", "VoiceSDK.Editor.csproj", "{6D20FE04-E0BF-F55D-DF86-0654E3772E64}"
EndProject
Project("{FAE04EC0-301F-11D3-BF4B-00C04F79EFBC}") = "Meta.WitAI.Lib.Editor", "Meta.WitAI.Lib.Editor.csproj", "{25A1B1EC-D863-3AE2-EE75-9C3EA2DB4908}"
EndProject
Project("{FAE04EC0-301F-11D3-BF4B-00C04F79EFBC}") = "Oculus.AudioManager", "Oculus.AudioManager.csproj", "{08F023E3-3C4C-EC09-0190-1B8AA365C5F3}"
EndProject
Project("{FAE04EC0-301F-11D3-BF4B-00C04F79EFBC}") = "Meta.Voice.Samples.BuiltInTimer", "Meta.Voice.Samples.BuiltInTimer.csproj", "{5C079EB0-75E5-A15A-CD57-40267464FEBA}"
EndProject
Project("{FAE04EC0-301F-11D3-BF4B-00C04F79EFBC}") = "Meta.XR.BuildingBlocks.Editor", "Meta.XR.BuildingBlocks.Editor.csproj", "{2A24B8AE-05E4-22AD-CBAC-62ACC98E9A3D}"
EndProject
Project("{FAE04EC0-301F-11D3-BF4B-00C04F79EFBC}") = "Meta.Voice.VSDKHub.Editor", "Meta.Voice.VSDKHub.Editor.csproj", "{5E0A9BDE-4315-CEAD-13E9-7627A1335C71}"
EndProject
Project("{FAE04EC0-301F-11D3-BF4B-00C04F79EFBC}") = "VoiceSDK.Dictation.Runtime", "VoiceSDK.Dictation.Runtime.csproj", "{A8FEF1C3-0CD4-C59B-ED65-1A1ABC815F85}"
EndProject
Project("{FAE04EC0-301F-11D3-BF4B-00C04F79EFBC}") = "Meta.WitAi.TTS", "Meta.WitAi.TTS.csproj", "{30944377-497F-4E20-AB92-5C68D2EF7AF5}"
EndProject
Project("{FAE04EC0-301F-11D3-BF4B-00C04F79EFBC}") = "AssistantCoreSDKRuntime", "AssistantCoreSDKRuntime.csproj", "{F32911FD-5797-9757-38E9-CE5A6FC2F048}"
EndProject
Project("{FAE04EC0-301F-11D3-BF4B-00C04F79EFBC}") = "Assembly-CSharp-Editor", "Assembly-CSharp-Editor.csproj", "{EE76F8D0-9210-4EE2-0C9C-B8833C9C0B48}"
EndProject
Project("{FAE04EC0-301F-11D3-BF4B-00C04F79EFBC}") = "Meta.Voice.Samples.TTSVoices", "Meta.Voice.Samples.TTSVoices.csproj", "{CA30D6E4-05E7-9B84-E934-1227A4CA42D5}"
EndProject
Project("{FAE04EC0-301F-11D3-BF4B-00C04F79EFBC}") = "VoiceSDK.Runtime", "VoiceSDK.Runtime.csproj", "{C403E055-1C6A-40E2-A1C3-126392517196}"
EndProject
Project("{FAE04EC0-301F-11D3-BF4B-00C04F79EFBC}") = "Oculus.VR.Scripts.Editor", "Oculus.VR.Scripts.Editor.csproj", "{A5AC8FFE-589C-C86E-8C4E-6A1E48066635}"
EndProject
Project("{FAE04EC0-301F-11D3-BF4B-00C04F79EFBC}") = "Meta.Voice.Samples.LightTraits", "Meta.Voice.Samples.LightTraits.csproj", "{50EFC970-161A-41B5-B871-8B41903E932F}"
EndProject
Project("{FAE04EC0-301F-11D3-BF4B-00C04F79EFBC}") = "Meta.Voice.Hub.Editor", "Meta.Voice.Hub.Editor.csproj", "{B88230A3-7920-28BE-6D5B-84B881B66123}"
EndProject
Project("{FAE04EC0-301F-11D3-BF4B-00C04F79EFBC}") = "Oculus.Interaction.Samples.Editor", "Oculus.Interaction.Samples.Editor.csproj", "{1C0FE517-1B3B-FC30-9D20-4B1940D80ED3}"
EndProject
Project("{FAE04EC0-301F-11D3-BF4B-00C04F79EFBC}") = "Meta.WitAi.TTS.Editor", "Meta.WitAi.TTS.Editor.csproj", "{20110AC2-50E0-EC84-7E1E-43013AAFF3E4}"
EndProject
Project("{FAE04EC0-301F-11D3-BF4B-00C04F79EFBC}") = "Meta.XR.BuildingBlocks", "Meta.XR.BuildingBlocks.csproj", "{D308BE97-7968-3F74-EE1A-47480D3D8992}"
EndProject
Project("{FAE04EC0-301F-11D3-BF4B-00C04F79EFBC}") = "Oculus.Platform.Editor", "Oculus.Platform.Editor.csproj", "{B65017AD-DEAF-CA12-6C57-878E1D60A302}"
EndProject
Project("{FAE04EC0-301F-11D3-BF4B-00C04F79EFBC}") = "Facebook.Wit.Dictation", "Facebook.Wit.Dictation.csproj", "{E5C8E7CA-8190-359D-C699-8EA6B52E8E1F}"
EndProject
Project("{FAE04EC0-301F-11D3-BF4B-00C04F79EFBC}") = "Oculus.Spatializer.Editor", "Oculus.Spatializer.Editor.csproj", "{3C6A6990-DFE8-37AA-9C8A-3F3D04E3C2D6}"
EndProject
Project("{FAE04EC0-301F-11D3-BF4B-00C04F79EFBC}") = "Oculus.LipSync.Editor", "Oculus.LipSync.Editor.csproj", "{1C7423B1-3DC5-A747-C13C-B149E9279C96}"
EndProject
Project("{FAE04EC0-301F-11D3-BF4B-00C04F79EFBC}") = "Oculus.AudioManager.Utils.Editor", "Oculus.AudioManager.Utils.Editor.csproj", "{A7DC9188-33BC-8378-1370-A0C1AE993D22}"
EndProject
Project("{FAE04EC0-301F-11D3-BF4B-00C04F79EFBC}") = "Meta.VoiceSDK.Mic.Common", "Meta.VoiceSDK.Mic.Common.csproj", "{FCB5BD47-F87C-1AA8-FDDE-F2F2138991D4}"
EndProject
Project("{FAE04EC0-301F-11D3-BF4B-00C04F79EFBC}") = "Meta.Voice.Samples.ShapesConduit", "Meta.Voice.Samples.ShapesConduit.csproj", "{0AABF562-78B4-C06A-A169-83D944D9E63D}"
EndProject
Project("{FAE04EC0-301F-11D3-BF4B-00C04F79EFBC}") = "Oculus.Spatializer", "Oculus.Spatializer.csproj", "{7AE0CAC2-108F-4177-0ABF-0F2EF0B745C4}"
EndProject
Project("{FAE04EC0-301F-11D3-BF4B-00C04F79EFBC}") = "Meta.VoiceSDK.Mic.Other", "Meta.VoiceSDK.Mic.Other.csproj", "{72290CB8-15D1-9180-6C07-6B989B7276DF}"
EndProject
Project("{FAE04EC0-301F-11D3-BF4B-00C04F79EFBC}") = "Oculus.Interaction.InterfaceSupport", "Oculus.Interaction.InterfaceSupport.csproj", "{E897D44F-BC78-9476-3F28-8E16EAAF5B47}"
EndProject
Project("{FAE04EC0-301F-11D3-BF4B-00C04F79EFBC}") = "Oculus.AudioManager.Audio.Editor", "Oculus.AudioManager.Audio.Editor.csproj", "{526EEC39-D1D2-156B-1708-C1B21AD28EE5}"
EndProject
Project("{FAE04EC0-301F-11D3-BF4B-00C04F79EFBC}") = "Meta.Voice.Samples.LiveUnderstanding", "Meta.Voice.Samples.LiveUnderstanding.csproj", "{EADFDD61-9387-2243-ACCB-D2E1383CF0D2}"
EndProject
Project("{FAE04EC0-301F-11D3-BF4B-00C04F79EFBC}") = "VoiceSDK.Dictation.Editor", "VoiceSDK.Dictation.Editor.csproj", "{780BA8CF-63BC-3CF9-8AA1-A445636C5C54}"
EndProject
Project("{FAE04EC0-301F-11D3-BF4B-00C04F79EFBC}") = "AssistantCoreSDKEditor", "AssistantCoreSDKEditor.csproj", "{8C335FA0-D284-E1AF-CC28-D0B10D9EBFE4}"
EndProject
Project("{FAE04EC0-301F-11D3-BF4B-00C04F79EFBC}") = "Meta.VoiceSDK.Mic.WebGL", "Meta.VoiceSDK.Mic.WebGL.csproj", "{7C5DE4FF-3861-7DCB-A8F5-CB08294DCFCC}"
EndProject
Project("{FAE04EC0-301F-11D3-BF4B-00C04F79EFBC}") = "Meta.Voice.Hub.Runtime", "Meta.Voice.Hub.Runtime.csproj", "{CC36DC1F-2E57-86B4-AA96-7600B5294E95}"
EndProject
Project("{FAE04EC0-301F-11D3-BF4B-00C04F79EFBC}") = "Meta.Voice.Samples.Chess", "Meta.Voice.Samples.Chess.csproj", "{CB40EB11-1F1C-B53D-0DA3-4FD8169FD4D1}"
EndProject
Project("{FAE04EC0-301F-11D3-BF4B-00C04F79EFBC}") = "Meta.Voice.Samples.Dictation", "Meta.Voice.Samples.Dictation.csproj", "{8349A32B-3005-BCA9-F803-AC96EF7C501F}"
EndProject
Project("{FAE04EC0-301F-11D3-BF4B-00C04F79EFBC}") = "Meta.Voice.Samples.Shapes", "Meta.Voice.Samples.Shapes.csproj", "{516EA025-7929-EAD2-7C30-2113DC9371EA}"
EndProject
Project("{FAE04EC0-301F-11D3-BF4B-00C04F79EFBC}") = "Facebook.Wit.Dictation.Editor", "Facebook.Wit.Dictation.Editor.csproj", "{7F51472B-E0EE-B1E1-5CFB-6B4D1262E9BB}"
EndProject
Global
	GlobalSection(SolutionConfigurationPlatforms) = preSolution
		Debug|Any CPU = Debug|Any CPU
		Release|Any CPU = Release|Any CPU
	EndGlobalSection
	GlobalSection(ProjectConfigurationPlatforms) = postSolution
		{7F1F62A1-CA69-D749-A861-CD59643A51D7}.Debug|Any CPU.ActiveCfg = Debug|Any CPU
		{7F1F62A1-CA69-D749-A861-CD59643A51D7}.Debug|Any CPU.Build.0 = Debug|Any CPU
		{7F1F62A1-CA69-D749-A861-CD59643A51D7}.Release|Any CPU.ActiveCfg = Release|Any CPU
		{7F1F62A1-CA69-D749-A861-CD59643A51D7}.Release|Any CPU.Build.0 = Release|Any CPU
		{77475B0F-B86C-1B79-8EE5-F930FD1F9065}.Debug|Any CPU.ActiveCfg = Debug|Any CPU
		{77475B0F-B86C-1B79-8EE5-F930FD1F9065}.Debug|Any CPU.Build.0 = Debug|Any CPU
		{77475B0F-B86C-1B79-8EE5-F930FD1F9065}.Release|Any CPU.ActiveCfg = Release|Any CPU
		{77475B0F-B86C-1B79-8EE5-F930FD1F9065}.Release|Any CPU.Build.0 = Release|Any CPU
		{36CDDCCE-2710-C345-0864-DA4C004B59E8}.Debug|Any CPU.ActiveCfg = Debug|Any CPU
		{36CDDCCE-2710-C345-0864-DA4C004B59E8}.Debug|Any CPU.Build.0 = Debug|Any CPU
		{36CDDCCE-2710-C345-0864-DA4C004B59E8}.Release|Any CPU.ActiveCfg = Release|Any CPU
		{36CDDCCE-2710-C345-0864-DA4C004B59E8}.Release|Any CPU.Build.0 = Release|Any CPU
		{0BF65F8D-2284-8523-1D4F-C24A1B344D37}.Debug|Any CPU.ActiveCfg = Debug|Any CPU
		{0BF65F8D-2284-8523-1D4F-C24A1B344D37}.Debug|Any CPU.Build.0 = Debug|Any CPU
		{0BF65F8D-2284-8523-1D4F-C24A1B344D37}.Release|Any CPU.ActiveCfg = Release|Any CPU
		{0BF65F8D-2284-8523-1D4F-C24A1B344D37}.Release|Any CPU.Build.0 = Release|Any CPU
		{885FB3CC-AFD8-6F45-47CF-F170BB1BB9A7}.Debug|Any CPU.ActiveCfg = Debug|Any CPU
		{885FB3CC-AFD8-6F45-47CF-F170BB1BB9A7}.Debug|Any CPU.Build.0 = Debug|Any CPU
		{885FB3CC-AFD8-6F45-47CF-F170BB1BB9A7}.Release|Any CPU.ActiveCfg = Release|Any CPU
		{885FB3CC-AFD8-6F45-47CF-F170BB1BB9A7}.Release|Any CPU.Build.0 = Release|Any CPU
		{B8B93BDD-DCEE-9576-9F6F-1C5781E77239}.Debug|Any CPU.ActiveCfg = Debug|Any CPU
		{B8B93BDD-DCEE-9576-9F6F-1C5781E77239}.Debug|Any CPU.Build.0 = Debug|Any CPU
		{B8B93BDD-DCEE-9576-9F6F-1C5781E77239}.Release|Any CPU.ActiveCfg = Release|Any CPU
		{B8B93BDD-DCEE-9576-9F6F-1C5781E77239}.Release|Any CPU.Build.0 = Release|Any CPU
		{88C7AABF-9341-E7CE-F500-56B4C50C4DA0}.Debug|Any CPU.ActiveCfg = Debug|Any CPU
		{88C7AABF-9341-E7CE-F500-56B4C50C4DA0}.Debug|Any CPU.Build.0 = Debug|Any CPU
		{88C7AABF-9341-E7CE-F500-56B4C50C4DA0}.Release|Any CPU.ActiveCfg = Release|Any CPU
		{88C7AABF-9341-E7CE-F500-56B4C50C4DA0}.Release|Any CPU.Build.0 = Release|Any CPU
		{0829CD91-E9DC-D42F-46D2-326B62BB39B3}.Debug|Any CPU.ActiveCfg = Debug|Any CPU
		{0829CD91-E9DC-D42F-46D2-326B62BB39B3}.Debug|Any CPU.Build.0 = Debug|Any CPU
		{0829CD91-E9DC-D42F-46D2-326B62BB39B3}.Release|Any CPU.ActiveCfg = Release|Any CPU
		{0829CD91-E9DC-D42F-46D2-326B62BB39B3}.Release|Any CPU.Build.0 = Release|Any CPU
		{33A15429-E527-DE98-DD96-78B284FAFBEE}.Debug|Any CPU.ActiveCfg = Debug|Any CPU
		{33A15429-E527-DE98-DD96-78B284FAFBEE}.Debug|Any CPU.Build.0 = Debug|Any CPU
		{33A15429-E527-DE98-DD96-78B284FAFBEE}.Release|Any CPU.ActiveCfg = Release|Any CPU
		{33A15429-E527-DE98-DD96-78B284FAFBEE}.Release|Any CPU.Build.0 = Release|Any CPU
		{C5ABFD1F-0540-3AD6-B567-55E033CEDDE0}.Debug|Any CPU.ActiveCfg = Debug|Any CPU
		{C5ABFD1F-0540-3AD6-B567-55E033CEDDE0}.Debug|Any CPU.Build.0 = Debug|Any CPU
		{C5ABFD1F-0540-3AD6-B567-55E033CEDDE0}.Release|Any CPU.ActiveCfg = Release|Any CPU
		{C5ABFD1F-0540-3AD6-B567-55E033CEDDE0}.Release|Any CPU.Build.0 = Release|Any CPU
		{8029313D-C598-4950-F34A-B56B8A1A540A}.Debug|Any CPU.ActiveCfg = Debug|Any CPU
		{8029313D-C598-4950-F34A-B56B8A1A540A}.Debug|Any CPU.Build.0 = Debug|Any CPU
		{8029313D-C598-4950-F34A-B56B8A1A540A}.Release|Any CPU.ActiveCfg = Release|Any CPU
		{8029313D-C598-4950-F34A-B56B8A1A540A}.Release|Any CPU.Build.0 = Release|Any CPU
		{B5E1813F-5861-B9CD-7F38-51D2C8BFD076}.Debug|Any CPU.ActiveCfg = Debug|Any CPU
		{B5E1813F-5861-B9CD-7F38-51D2C8BFD076}.Debug|Any CPU.Build.0 = Debug|Any CPU
		{B5E1813F-5861-B9CD-7F38-51D2C8BFD076}.Release|Any CPU.ActiveCfg = Release|Any CPU
		{B5E1813F-5861-B9CD-7F38-51D2C8BFD076}.Release|Any CPU.Build.0 = Release|Any CPU
		{561C403E-C35B-ACF4-1757-BFEDF5974A6D}.Debug|Any CPU.ActiveCfg = Debug|Any CPU
		{561C403E-C35B-ACF4-1757-BFEDF5974A6D}.Debug|Any CPU.Build.0 = Debug|Any CPU
		{561C403E-C35B-ACF4-1757-BFEDF5974A6D}.Release|Any CPU.ActiveCfg = Release|Any CPU
		{561C403E-C35B-ACF4-1757-BFEDF5974A6D}.Release|Any CPU.Build.0 = Release|Any CPU
		{9272D2A5-67CB-2C39-2654-108A68C406BF}.Debug|Any CPU.ActiveCfg = Debug|Any CPU
		{9272D2A5-67CB-2C39-2654-108A68C406BF}.Debug|Any CPU.Build.0 = Debug|Any CPU
		{9272D2A5-67CB-2C39-2654-108A68C406BF}.Release|Any CPU.ActiveCfg = Release|Any CPU
		{9272D2A5-67CB-2C39-2654-108A68C406BF}.Release|Any CPU.Build.0 = Release|Any CPU
		{72C79911-F1DF-44CB-91FE-84479EDB4A7E}.Debug|Any CPU.ActiveCfg = Debug|Any CPU
		{72C79911-F1DF-44CB-91FE-84479EDB4A7E}.Debug|Any CPU.Build.0 = Debug|Any CPU
		{72C79911-F1DF-44CB-91FE-84479EDB4A7E}.Release|Any CPU.ActiveCfg = Release|Any CPU
		{72C79911-F1DF-44CB-91FE-84479EDB4A7E}.Release|Any CPU.Build.0 = Release|Any CPU
		{0D89275F-C2A5-FCC9-2E4D-A559C9F98ABA}.Debug|Any CPU.ActiveCfg = Debug|Any CPU
		{0D89275F-C2A5-FCC9-2E4D-A559C9F98ABA}.Debug|Any CPU.Build.0 = Debug|Any CPU
		{0D89275F-C2A5-FCC9-2E4D-A559C9F98ABA}.Release|Any CPU.ActiveCfg = Release|Any CPU
		{0D89275F-C2A5-FCC9-2E4D-A559C9F98ABA}.Release|Any CPU.Build.0 = Release|Any CPU
		{6D20FE04-E0BF-F55D-DF86-0654E3772E64}.Debug|Any CPU.ActiveCfg = Debug|Any CPU
		{6D20FE04-E0BF-F55D-DF86-0654E3772E64}.Debug|Any CPU.Build.0 = Debug|Any CPU
		{6D20FE04-E0BF-F55D-DF86-0654E3772E64}.Release|Any CPU.ActiveCfg = Release|Any CPU
		{6D20FE04-E0BF-F55D-DF86-0654E3772E64}.Release|Any CPU.Build.0 = Release|Any CPU
		{25A1B1EC-D863-3AE2-EE75-9C3EA2DB4908}.Debug|Any CPU.ActiveCfg = Debug|Any CPU
		{25A1B1EC-D863-3AE2-EE75-9C3EA2DB4908}.Debug|Any CPU.Build.0 = Debug|Any CPU
		{25A1B1EC-D863-3AE2-EE75-9C3EA2DB4908}.Release|Any CPU.ActiveCfg = Release|Any CPU
		{25A1B1EC-D863-3AE2-EE75-9C3EA2DB4908}.Release|Any CPU.Build.0 = Release|Any CPU
		{08F023E3-3C4C-EC09-0190-1B8AA365C5F3}.Debug|Any CPU.ActiveCfg = Debug|Any CPU
		{08F023E3-3C4C-EC09-0190-1B8AA365C5F3}.Debug|Any CPU.Build.0 = Debug|Any CPU
		{08F023E3-3C4C-EC09-0190-1B8AA365C5F3}.Release|Any CPU.ActiveCfg = Release|Any CPU
		{08F023E3-3C4C-EC09-0190-1B8AA365C5F3}.Release|Any CPU.Build.0 = Release|Any CPU
		{5C079EB0-75E5-A15A-CD57-40267464FEBA}.Debug|Any CPU.ActiveCfg = Debug|Any CPU
		{5C079EB0-75E5-A15A-CD57-40267464FEBA}.Debug|Any CPU.Build.0 = Debug|Any CPU
		{5C079EB0-75E5-A15A-CD57-40267464FEBA}.Release|Any CPU.ActiveCfg = Release|Any CPU
		{5C079EB0-75E5-A15A-CD57-40267464FEBA}.Release|Any CPU.Build.0 = Release|Any CPU
		{2A24B8AE-05E4-22AD-CBAC-62ACC98E9A3D}.Debug|Any CPU.ActiveCfg = Debug|Any CPU
		{2A24B8AE-05E4-22AD-CBAC-62ACC98E9A3D}.Debug|Any CPU.Build.0 = Debug|Any CPU
		{2A24B8AE-05E4-22AD-CBAC-62ACC98E9A3D}.Release|Any CPU.ActiveCfg = Release|Any CPU
		{2A24B8AE-05E4-22AD-CBAC-62ACC98E9A3D}.Release|Any CPU.Build.0 = Release|Any CPU
		{5E0A9BDE-4315-CEAD-13E9-7627A1335C71}.Debug|Any CPU.ActiveCfg = Debug|Any CPU
		{5E0A9BDE-4315-CEAD-13E9-7627A1335C71}.Debug|Any CPU.Build.0 = Debug|Any CPU
		{5E0A9BDE-4315-CEAD-13E9-7627A1335C71}.Release|Any CPU.ActiveCfg = Release|Any CPU
		{5E0A9BDE-4315-CEAD-13E9-7627A1335C71}.Release|Any CPU.Build.0 = Release|Any CPU
		{A8FEF1C3-0CD4-C59B-ED65-1A1ABC815F85}.Debug|Any CPU.ActiveCfg = Debug|Any CPU
		{A8FEF1C3-0CD4-C59B-ED65-1A1ABC815F85}.Debug|Any CPU.Build.0 = Debug|Any CPU
		{A8FEF1C3-0CD4-C59B-ED65-1A1ABC815F85}.Release|Any CPU.ActiveCfg = Release|Any CPU
		{A8FEF1C3-0CD4-C59B-ED65-1A1ABC815F85}.Release|Any CPU.Build.0 = Release|Any CPU
		{30944377-497F-4E20-AB92-5C68D2EF7AF5}.Debug|Any CPU.ActiveCfg = Debug|Any CPU
		{30944377-497F-4E20-AB92-5C68D2EF7AF5}.Debug|Any CPU.Build.0 = Debug|Any CPU
		{30944377-497F-4E20-AB92-5C68D2EF7AF5}.Release|Any CPU.ActiveCfg = Release|Any CPU
		{30944377-497F-4E20-AB92-5C68D2EF7AF5}.Release|Any CPU.Build.0 = Release|Any CPU
		{F32911FD-5797-9757-38E9-CE5A6FC2F048}.Debug|Any CPU.ActiveCfg = Debug|Any CPU
		{F32911FD-5797-9757-38E9-CE5A6FC2F048}.Debug|Any CPU.Build.0 = Debug|Any CPU
		{F32911FD-5797-9757-38E9-CE5A6FC2F048}.Release|Any CPU.ActiveCfg = Release|Any CPU
		{F32911FD-5797-9757-38E9-CE5A6FC2F048}.Release|Any CPU.Build.0 = Release|Any CPU
		{EE76F8D0-9210-4EE2-0C9C-B8833C9C0B48}.Debug|Any CPU.ActiveCfg = Debug|Any CPU
		{EE76F8D0-9210-4EE2-0C9C-B8833C9C0B48}.Debug|Any CPU.Build.0 = Debug|Any CPU
		{EE76F8D0-9210-4EE2-0C9C-B8833C9C0B48}.Release|Any CPU.ActiveCfg = Release|Any CPU
		{EE76F8D0-9210-4EE2-0C9C-B8833C9C0B48}.Release|Any CPU.Build.0 = Release|Any CPU
		{CA30D6E4-05E7-9B84-E934-1227A4CA42D5}.Debug|Any CPU.ActiveCfg = Debug|Any CPU
		{CA30D6E4-05E7-9B84-E934-1227A4CA42D5}.Debug|Any CPU.Build.0 = Debug|Any CPU
		{CA30D6E4-05E7-9B84-E934-1227A4CA42D5}.Release|Any CPU.ActiveCfg = Release|Any CPU
		{CA30D6E4-05E7-9B84-E934-1227A4CA42D5}.Release|Any CPU.Build.0 = Release|Any CPU
		{C403E055-1C6A-40E2-A1C3-126392517196}.Debug|Any CPU.ActiveCfg = Debug|Any CPU
		{C403E055-1C6A-40E2-A1C3-126392517196}.Debug|Any CPU.Build.0 = Debug|Any CPU
		{C403E055-1C6A-40E2-A1C3-126392517196}.Release|Any CPU.ActiveCfg = Release|Any CPU
		{C403E055-1C6A-40E2-A1C3-126392517196}.Release|Any CPU.Build.0 = Release|Any CPU
		{A5AC8FFE-589C-C86E-8C4E-6A1E48066635}.Debug|Any CPU.ActiveCfg = Debug|Any CPU
		{A5AC8FFE-589C-C86E-8C4E-6A1E48066635}.Debug|Any CPU.Build.0 = Debug|Any CPU
		{A5AC8FFE-589C-C86E-8C4E-6A1E48066635}.Release|Any CPU.ActiveCfg = Release|Any CPU
		{A5AC8FFE-589C-C86E-8C4E-6A1E48066635}.Release|Any CPU.Build.0 = Release|Any CPU
		{50EFC970-161A-41B5-B871-8B41903E932F}.Debug|Any CPU.ActiveCfg = Debug|Any CPU
		{50EFC970-161A-41B5-B871-8B41903E932F}.Debug|Any CPU.Build.0 = Debug|Any CPU
		{50EFC970-161A-41B5-B871-8B41903E932F}.Release|Any CPU.ActiveCfg = Release|Any CPU
		{50EFC970-161A-41B5-B871-8B41903E932F}.Release|Any CPU.Build.0 = Release|Any CPU
		{B88230A3-7920-28BE-6D5B-84B881B66123}.Debug|Any CPU.ActiveCfg = Debug|Any CPU
		{B88230A3-7920-28BE-6D5B-84B881B66123}.Debug|Any CPU.Build.0 = Debug|Any CPU
		{B88230A3-7920-28BE-6D5B-84B881B66123}.Release|Any CPU.ActiveCfg = Release|Any CPU
		{B88230A3-7920-28BE-6D5B-84B881B66123}.Release|Any CPU.Build.0 = Release|Any CPU
		{1C0FE517-1B3B-FC30-9D20-4B1940D80ED3}.Debug|Any CPU.ActiveCfg = Debug|Any CPU
		{1C0FE517-1B3B-FC30-9D20-4B1940D80ED3}.Debug|Any CPU.Build.0 = Debug|Any CPU
		{1C0FE517-1B3B-FC30-9D20-4B1940D80ED3}.Release|Any CPU.ActiveCfg = Release|Any CPU
		{1C0FE517-1B3B-FC30-9D20-4B1940D80ED3}.Release|Any CPU.Build.0 = Release|Any CPU
		{20110AC2-50E0-EC84-7E1E-43013AAFF3E4}.Debug|Any CPU.ActiveCfg = Debug|Any CPU
		{20110AC2-50E0-EC84-7E1E-43013AAFF3E4}.Debug|Any CPU.Build.0 = Debug|Any CPU
		{20110AC2-50E0-EC84-7E1E-43013AAFF3E4}.Release|Any CPU.ActiveCfg = Release|Any CPU
		{20110AC2-50E0-EC84-7E1E-43013AAFF3E4}.Release|Any CPU.Build.0 = Release|Any CPU
		{D308BE97-7968-3F74-EE1A-47480D3D8992}.Debug|Any CPU.ActiveCfg = Debug|Any CPU
		{D308BE97-7968-3F74-EE1A-47480D3D8992}.Debug|Any CPU.Build.0 = Debug|Any CPU
		{D308BE97-7968-3F74-EE1A-47480D3D8992}.Release|Any CPU.ActiveCfg = Release|Any CPU
		{D308BE97-7968-3F74-EE1A-47480D3D8992}.Release|Any CPU.Build.0 = Release|Any CPU
		{B65017AD-DEAF-CA12-6C57-878E1D60A302}.Debug|Any CPU.ActiveCfg = Debug|Any CPU
		{B65017AD-DEAF-CA12-6C57-878E1D60A302}.Debug|Any CPU.Build.0 = Debug|Any CPU
		{B65017AD-DEAF-CA12-6C57-878E1D60A302}.Release|Any CPU.ActiveCfg = Release|Any CPU
		{B65017AD-DEAF-CA12-6C57-878E1D60A302}.Release|Any CPU.Build.0 = Release|Any CPU
		{E5C8E7CA-8190-359D-C699-8EA6B52E8E1F}.Debug|Any CPU.ActiveCfg = Debug|Any CPU
		{E5C8E7CA-8190-359D-C699-8EA6B52E8E1F}.Debug|Any CPU.Build.0 = Debug|Any CPU
		{E5C8E7CA-8190-359D-C699-8EA6B52E8E1F}.Release|Any CPU.ActiveCfg = Release|Any CPU
		{E5C8E7CA-8190-359D-C699-8EA6B52E8E1F}.Release|Any CPU.Build.0 = Release|Any CPU
		{3C6A6990-DFE8-37AA-9C8A-3F3D04E3C2D6}.Debug|Any CPU.ActiveCfg = Debug|Any CPU
		{3C6A6990-DFE8-37AA-9C8A-3F3D04E3C2D6}.Debug|Any CPU.Build.0 = Debug|Any CPU
		{3C6A6990-DFE8-37AA-9C8A-3F3D04E3C2D6}.Release|Any CPU.ActiveCfg = Release|Any CPU
		{3C6A6990-DFE8-37AA-9C8A-3F3D04E3C2D6}.Release|Any CPU.Build.0 = Release|Any CPU
		{1C7423B1-3DC5-A747-C13C-B149E9279C96}.Debug|Any CPU.ActiveCfg = Debug|Any CPU
		{1C7423B1-3DC5-A747-C13C-B149E9279C96}.Debug|Any CPU.Build.0 = Debug|Any CPU
		{1C7423B1-3DC5-A747-C13C-B149E9279C96}.Release|Any CPU.ActiveCfg = Release|Any CPU
		{1C7423B1-3DC5-A747-C13C-B149E9279C96}.Release|Any CPU.Build.0 = Release|Any CPU
		{A7DC9188-33BC-8378-1370-A0C1AE993D22}.Debug|Any CPU.ActiveCfg = Debug|Any CPU
		{A7DC9188-33BC-8378-1370-A0C1AE993D22}.Debug|Any CPU.Build.0 = Debug|Any CPU
		{A7DC9188-33BC-8378-1370-A0C1AE993D22}.Release|Any CPU.ActiveCfg = Release|Any CPU
		{A7DC9188-33BC-8378-1370-A0C1AE993D22}.Release|Any CPU.Build.0 = Release|Any CPU
		{FCB5BD47-F87C-1AA8-FDDE-F2F2138991D4}.Debug|Any CPU.ActiveCfg = Debug|Any CPU
		{FCB5BD47-F87C-1AA8-FDDE-F2F2138991D4}.Debug|Any CPU.Build.0 = Debug|Any CPU
		{FCB5BD47-F87C-1AA8-FDDE-F2F2138991D4}.Release|Any CPU.ActiveCfg = Release|Any CPU
		{FCB5BD47-F87C-1AA8-FDDE-F2F2138991D4}.Release|Any CPU.Build.0 = Release|Any CPU
		{0AABF562-78B4-C06A-A169-83D944D9E63D}.Debug|Any CPU.ActiveCfg = Debug|Any CPU
		{0AABF562-78B4-C06A-A169-83D944D9E63D}.Debug|Any CPU.Build.0 = Debug|Any CPU
		{0AABF562-78B4-C06A-A169-83D944D9E63D}.Release|Any CPU.ActiveCfg = Release|Any CPU
		{0AABF562-78B4-C06A-A169-83D944D9E63D}.Release|Any CPU.Build.0 = Release|Any CPU
		{7AE0CAC2-108F-4177-0ABF-0F2EF0B745C4}.Debug|Any CPU.ActiveCfg = Debug|Any CPU
		{7AE0CAC2-108F-4177-0ABF-0F2EF0B745C4}.Debug|Any CPU.Build.0 = Debug|Any CPU
		{7AE0CAC2-108F-4177-0ABF-0F2EF0B745C4}.Release|Any CPU.ActiveCfg = Release|Any CPU
		{7AE0CAC2-108F-4177-0ABF-0F2EF0B745C4}.Release|Any CPU.Build.0 = Release|Any CPU
		{72290CB8-15D1-9180-6C07-6B989B7276DF}.Debug|Any CPU.ActiveCfg = Debug|Any CPU
		{72290CB8-15D1-9180-6C07-6B989B7276DF}.Debug|Any CPU.Build.0 = Debug|Any CPU
		{72290CB8-15D1-9180-6C07-6B989B7276DF}.Release|Any CPU.ActiveCfg = Release|Any CPU
		{72290CB8-15D1-9180-6C07-6B989B7276DF}.Release|Any CPU.Build.0 = Release|Any CPU
		{E897D44F-BC78-9476-3F28-8E16EAAF5B47}.Debug|Any CPU.ActiveCfg = Debug|Any CPU
		{E897D44F-BC78-9476-3F28-8E16EAAF5B47}.Debug|Any CPU.Build.0 = Debug|Any CPU
		{E897D44F-BC78-9476-3F28-8E16EAAF5B47}.Release|Any CPU.ActiveCfg = Release|Any CPU
		{E897D44F-BC78-9476-3F28-8E16EAAF5B47}.Release|Any CPU.Build.0 = Release|Any CPU
		{526EEC39-D1D2-156B-1708-C1B21AD28EE5}.Debug|Any CPU.ActiveCfg = Debug|Any CPU
		{526EEC39-D1D2-156B-1708-C1B21AD28EE5}.Debug|Any CPU.Build.0 = Debug|Any CPU
		{526EEC39-D1D2-156B-1708-C1B21AD28EE5}.Release|Any CPU.ActiveCfg = Release|Any CPU
		{526EEC39-D1D2-156B-1708-C1B21AD28EE5}.Release|Any CPU.Build.0 = Release|Any CPU
		{EADFDD61-9387-2243-ACCB-D2E1383CF0D2}.Debug|Any CPU.ActiveCfg = Debug|Any CPU
		{EADFDD61-9387-2243-ACCB-D2E1383CF0D2}.Debug|Any CPU.Build.0 = Debug|Any CPU
		{EADFDD61-9387-2243-ACCB-D2E1383CF0D2}.Release|Any CPU.ActiveCfg = Release|Any CPU
		{EADFDD61-9387-2243-ACCB-D2E1383CF0D2}.Release|Any CPU.Build.0 = Release|Any CPU
		{780BA8CF-63BC-3CF9-8AA1-A445636C5C54}.Debug|Any CPU.ActiveCfg = Debug|Any CPU
		{780BA8CF-63BC-3CF9-8AA1-A445636C5C54}.Debug|Any CPU.Build.0 = Debug|Any CPU
		{780BA8CF-63BC-3CF9-8AA1-A445636C5C54}.Release|Any CPU.ActiveCfg = Release|Any CPU
		{780BA8CF-63BC-3CF9-8AA1-A445636C5C54}.Release|Any CPU.Build.0 = Release|Any CPU
		{8C335FA0-D284-E1AF-CC28-D0B10D9EBFE4}.Debug|Any CPU.ActiveCfg = Debug|Any CPU
		{8C335FA0-D284-E1AF-CC28-D0B10D9EBFE4}.Debug|Any CPU.Build.0 = Debug|Any CPU
		{8C335FA0-D284-E1AF-CC28-D0B10D9EBFE4}.Release|Any CPU.ActiveCfg = Release|Any CPU
		{8C335FA0-D284-E1AF-CC28-D0B10D9EBFE4}.Release|Any CPU.Build.0 = Release|Any CPU
		{7C5DE4FF-3861-7DCB-A8F5-CB08294DCFCC}.Debug|Any CPU.ActiveCfg = Debug|Any CPU
		{7C5DE4FF-3861-7DCB-A8F5-CB08294DCFCC}.Debug|Any CPU.Build.0 = Debug|Any CPU
		{7C5DE4FF-3861-7DCB-A8F5-CB08294DCFCC}.Release|Any CPU.ActiveCfg = Release|Any CPU
		{7C5DE4FF-3861-7DCB-A8F5-CB08294DCFCC}.Release|Any CPU.Build.0 = Release|Any CPU
		{CC36DC1F-2E57-86B4-AA96-7600B5294E95}.Debug|Any CPU.ActiveCfg = Debug|Any CPU
		{CC36DC1F-2E57-86B4-AA96-7600B5294E95}.Debug|Any CPU.Build.0 = Debug|Any CPU
		{CC36DC1F-2E57-86B4-AA96-7600B5294E95}.Release|Any CPU.ActiveCfg = Release|Any CPU
		{CC36DC1F-2E57-86B4-AA96-7600B5294E95}.Release|Any CPU.Build.0 = Release|Any CPU
		{CB40EB11-1F1C-B53D-0DA3-4FD8169FD4D1}.Debug|Any CPU.ActiveCfg = Debug|Any CPU
		{CB40EB11-1F1C-B53D-0DA3-4FD8169FD4D1}.Debug|Any CPU.Build.0 = Debug|Any CPU
		{CB40EB11-1F1C-B53D-0DA3-4FD8169FD4D1}.Release|Any CPU.ActiveCfg = Release|Any CPU
		{CB40EB11-1F1C-B53D-0DA3-4FD8169FD4D1}.Release|Any CPU.Build.0 = Release|Any CPU
		{8349A32B-3005-BCA9-F803-AC96EF7C501F}.Debug|Any CPU.ActiveCfg = Debug|Any CPU
		{8349A32B-3005-BCA9-F803-AC96EF7C501F}.Debug|Any CPU.Build.0 = Debug|Any CPU
		{8349A32B-3005-BCA9-F803-AC96EF7C501F}.Release|Any CPU.ActiveCfg = Release|Any CPU
		{8349A32B-3005-BCA9-F803-AC96EF7C501F}.Release|Any CPU.Build.0 = Release|Any CPU
		{516EA025-7929-EAD2-7C30-2113DC9371EA}.Debug|Any CPU.ActiveCfg = Debug|Any CPU
		{516EA025-7929-EAD2-7C30-2113DC9371EA}.Debug|Any CPU.Build.0 = Debug|Any CPU
		{516EA025-7929-EAD2-7C30-2113DC9371EA}.Release|Any CPU.ActiveCfg = Release|Any CPU
		{516EA025-7929-EAD2-7C30-2113DC9371EA}.Release|Any CPU.Build.0 = Release|Any CPU
		{7F51472B-E0EE-B1E1-5CFB-6B4D1262E9BB}.Debug|Any CPU.ActiveCfg = Debug|Any CPU
		{7F51472B-E0EE-B1E1-5CFB-6B4D1262E9BB}.Debug|Any CPU.Build.0 = Debug|Any CPU
		{7F51472B-E0EE-B1E1-5CFB-6B4D1262E9BB}.Release|Any CPU.ActiveCfg = Release|Any CPU
		{7F51472B-E0EE-B1E1-5CFB-6B4D1262E9BB}.Release|Any CPU.Build.0 = Release|Any CPU
	EndGlobalSection
	GlobalSection(SolutionProperties) = preSolution
		HideSolutionNode = FALSE
	EndGlobalSection
EndGlobal
