
Microsoft Visual Studio Solution File, Format Version 12.00
# Visual Studio 15
Project("{FAE04EC0-301F-11D3-BF4B-00C04F79EFBC}") = "Meta.WitAi.Conduit", "Meta.WitAi.Conduit.csproj", "{C4C3E648-C6F8-1030-963A-C0D13B34C2B4}"
EndProject
Project("{FAE04EC0-301F-11D3-BF4B-00C04F79EFBC}") = "Oculus.VR", "Oculus.VR.csproj", "{D9A52F73-6FE7-BDC7-C131-AC1FF830B7C9}"
EndProject
Project("{FAE04EC0-301F-11D3-BF4B-00C04F79EFBC}") = "Oculus.Interaction", "Oculus.Interaction.csproj", "{498AD3B6-A0CF-7C7E-CB66-EDEBC49C5624}"
EndProject
Project("{FAE04EC0-301F-11D3-BF4B-00C04F79EFBC}") = "Oculus.Interaction.Editor", "Oculus.Interaction.Editor.csproj", "{830DA310-0B82-C7F2-0570-7A6276D73582}"
EndProject
Project("{FAE04EC0-301F-11D3-BF4B-00C04F79EFBC}") = "Oculus.Platform", "Oculus.Platform.csproj", "{F9C42932-5EBB-EA02-3490-375E5425BDAC}"
EndProject
Project("{FAE04EC0-301F-11D3-BF4B-00C04F79EFBC}") = "VoiceSDK.Telemetry", "VoiceSDK.Telemetry.csproj", "{63753D2C-1BFF-B383-E23A-EC323F6BF814}"
EndProject
Project("{FAE04EC0-301F-11D3-BF4B-00C04F79EFBC}") = "Assembly-CSharp", "Assembly-CSharp.csproj", "{A58C4503-7F7D-1119-8DE8-68B5C7DC77B2}"
EndProject
Project("{FAE04EC0-301F-11D3-BF4B-00C04F79EFBC}") = "Oculus.Interaction.OVR.Samples", "Oculus.Interaction.OVR.Samples.csproj", "{6D41E359-708C-0263-E384-4569E3B6B136}"
EndProject
Project("{FAE04EC0-301F-11D3-BF4B-00C04F79EFBC}") = "Meta.WitAi.Lib", "Meta.WitAi.Lib.csproj", "{B831BDB0-3D52-2462-B6D2-019FA9987770}"
EndProject
Project("{FAE04EC0-301F-11D3-BF4B-00C04F79EFBC}") = "Meta.WitAi.Editor", "Meta.WitAi.Editor.csproj", "{D2AC292F-C498-DA71-066A-4F76ACEE8CF8}"
EndProject
Project("{FAE04EC0-301F-11D3-BF4B-00C04F79EFBC}") = "Meta.WitAi.Conduit.Editor", "Meta.WitAi.Conduit.Editor.csproj", "{620A2057-2B93-DEB3-4262-AED8E167F5E6}"
EndProject
Project("{FAE04EC0-301F-11D3-BF4B-00C04F79EFBC}") = "Meta.WitAi", "Meta.WitAi.csproj", "{4E7136DF-8B92-70C1-7CD7-B80D1374FC71}"
EndProject
Project("{FAE04EC0-301F-11D3-BF4B-00C04F79EFBC}") = "Oculus.VR.Editor", "Oculus.VR.Editor.csproj", "{9DACCB49-947B-8EAD-9533-B737EE590618}"
EndProject
Project("{FAE04EC0-301F-11D3-BF4B-00C04F79EFBC}") = "Oculus.Interaction.OVR.Editor", "Oculus.Interaction.OVR.Editor.csproj", "{3D6A6F79-CC79-1144-46B8-23CE36D4F102}"
EndProject
Project("{FAE04EC0-301F-11D3-BF4B-00C04F79EFBC}") = "Oculus.LipSync", "Oculus.LipSync.csproj", "{DF77F198-2612-EAAC-E829-691C1AE4EBCC}"
EndProject
Project("{FAE04EC0-301F-11D3-BF4B-00C04F79EFBC}") = "Oculus.Interaction.OVR", "Oculus.Interaction.OVR.csproj", "{5F4EA603-1B77-C2DB-E8E2-11C72E3C5553}"
EndProject
Project("{FAE04EC0-301F-11D3-BF4B-00C04F79EFBC}") = "VoiceSDK.Editor", "VoiceSDK.Editor.csproj", "{8ED133D0-0377-24B9-409B-20112EDA98D8}"
EndProject
Project("{FAE04EC0-301F-11D3-BF4B-00C04F79EFBC}") = "Meta.WitAI.Lib.Editor", "Meta.WitAI.Lib.Editor.csproj", "{82D51E8D-68B6-B50D-2AB5-860BF92B68F2}"
EndProject
Project("{FAE04EC0-301F-11D3-BF4B-00C04F79EFBC}") = "Oculus.AudioManager", "Oculus.AudioManager.csproj", "{A964225B-5A6E-F98A-1DCD-7289DC20FD75}"
EndProject
Project("{FAE04EC0-301F-11D3-BF4B-00C04F79EFBC}") = "Meta.Voice.Samples.BuiltInTimer", "Meta.Voice.Samples.BuiltInTimer.csproj", "{A89711ED-15CC-0639-8CC7-7CDEE300CE48}"
EndProject
Project("{FAE04EC0-301F-11D3-BF4B-00C04F79EFBC}") = "Meta.XR.BuildingBlocks.Editor", "Meta.XR.BuildingBlocks.Editor.csproj", "{BE3371B4-1771-235D-EF30-31EA46DA83F7}"
EndProject
Project("{FAE04EC0-301F-11D3-BF4B-00C04F79EFBC}") = "Meta.Voice.VSDKHub.Editor", "Meta.Voice.VSDKHub.Editor.csproj", "{C7884769-BFCC-E653-4700-BDAFA097E44E}"
EndProject
Project("{FAE04EC0-301F-11D3-BF4B-00C04F79EFBC}") = "VoiceSDK.Dictation.Runtime", "VoiceSDK.Dictation.Runtime.csproj", "{7DF0084B-F3FE-A2FF-EA8E-4AC9422C76C2}"
EndProject
Project("{FAE04EC0-301F-11D3-BF4B-00C04F79EFBC}") = "Meta.WitAi.TTS", "Meta.WitAi.TTS.csproj", "{B9FCABD4-A699-67FF-6AD7-79E282FDCC84}"
EndProject
Project("{FAE04EC0-301F-11D3-BF4B-00C04F79EFBC}") = "AssistantCoreSDKRuntime", "AssistantCoreSDKRuntime.csproj", "{DBEE18F7-2356-69A2-17B0-B9E807D82249}"
EndProject
Project("{FAE04EC0-301F-11D3-BF4B-00C04F79EFBC}") = "Assembly-CSharp-Editor", "Assembly-CSharp-Editor.csproj", "{D2BBC113-4F94-9483-CA53-017BB1C3C229}"
EndProject
Project("{FAE04EC0-301F-11D3-BF4B-00C04F79EFBC}") = "Meta.Voice.Samples.TTSVoices", "Meta.Voice.Samples.TTSVoices.csproj", "{64C4B976-69E9-EFA8-D450-3BF54FC203BF}"
EndProject
Project("{FAE04EC0-301F-11D3-BF4B-00C04F79EFBC}") = "VoiceSDK.Runtime", "VoiceSDK.Runtime.csproj", "{BA1CD3B4-3955-D815-C626-D46C5CC06798}"
EndProject
Project("{FAE04EC0-301F-11D3-BF4B-00C04F79EFBC}") = "Oculus.VR.Scripts.Editor", "Oculus.VR.Scripts.Editor.csproj", "{921DFA35-C6CA-82DE-5BF3-DCCA7ABD5506}"
EndProject
Project("{FAE04EC0-301F-11D3-BF4B-00C04F79EFBC}") = "Meta.Voice.Samples.LightTraits", "Meta.Voice.Samples.LightTraits.csproj", "{645DA9D3-25AD-BC08-92BA-97FA2AAD90AD}"
EndProject
Project("{FAE04EC0-301F-11D3-BF4B-00C04F79EFBC}") = "Meta.Voice.Hub.Editor", "Meta.Voice.Hub.Editor.csproj", "{D8C1EB04-D108-E5D0-4E84-110CAB457A29}"
EndProject
Project("{FAE04EC0-301F-11D3-BF4B-00C04F79EFBC}") = "Oculus.Interaction.Samples.Editor", "Oculus.Interaction.Samples.Editor.csproj", "{AA78CBE6-44F8-3A16-1AC0-33BEC873AD27}"
EndProject
Project("{FAE04EC0-301F-11D3-BF4B-00C04F79EFBC}") = "Meta.WitAi.TTS.Editor", "Meta.WitAi.TTS.Editor.csproj", "{578EA1D8-BABB-1B59-1CF9-2B453CB2927A}"
EndProject
Project("{FAE04EC0-301F-11D3-BF4B-00C04F79EFBC}") = "Meta.XR.BuildingBlocks", "Meta.XR.BuildingBlocks.csproj", "{A12B248D-999E-5641-653A-46DD647C14AC}"
EndProject
Project("{FAE04EC0-301F-11D3-BF4B-00C04F79EFBC}") = "Oculus.Platform.Editor", "Oculus.Platform.Editor.csproj", "{E1D8E208-99AA-AD58-A220-B1565ABC858F}"
EndProject
Project("{FAE04EC0-301F-11D3-BF4B-00C04F79EFBC}") = "Facebook.Wit.Dictation", "Facebook.Wit.Dictation.csproj", "{30B3E77A-C9DA-2C32-9780-6BC7A83A5688}"
EndProject
Project("{FAE04EC0-301F-11D3-BF4B-00C04F79EFBC}") = "Oculus.Spatializer.Editor", "Oculus.Spatializer.Editor.csproj", "{AD9CDEF4-9766-9082-5251-23FF0B6DF677}"
EndProject
Project("{FAE04EC0-301F-11D3-BF4B-00C04F79EFBC}") = "Oculus.LipSync.Editor", "Oculus.LipSync.Editor.csproj", "{4B1BB34A-3E82-90FB-6343-412FFA1CCAAF}"
EndProject
Project("{FAE04EC0-301F-11D3-BF4B-00C04F79EFBC}") = "Oculus.AudioManager.Utils.Editor", "Oculus.AudioManager.Utils.Editor.csproj", "{3A7F48BF-6D24-D9D0-9B48-2181837323F2}"
EndProject
Project("{FAE04EC0-301F-11D3-BF4B-00C04F79EFBC}") = "Meta.VoiceSDK.Mic.Common", "Meta.VoiceSDK.Mic.Common.csproj", "{A68618BF-00FF-04E4-AEE3-7E357F80C030}"
EndProject
Project("{FAE04EC0-301F-11D3-BF4B-00C04F79EFBC}") = "Meta.Voice.Samples.ShapesConduit", "Meta.Voice.Samples.ShapesConduit.csproj", "{0D458B5A-7F88-39DF-8C2E-70FADD4C6226}"
EndProject
Project("{FAE04EC0-301F-11D3-BF4B-00C04F79EFBC}") = "Oculus.Spatializer", "Oculus.Spatializer.csproj", "{62171870-1669-1C07-E457-D0E700F42217}"
EndProject
Project("{FAE04EC0-301F-11D3-BF4B-00C04F79EFBC}") = "Meta.VoiceSDK.Mic.Other", "Meta.VoiceSDK.Mic.Other.csproj", "{3426C65C-0376-624D-DE38-67E70ECFB37A}"
EndProject
Project("{FAE04EC0-301F-11D3-BF4B-00C04F79EFBC}") = "Oculus.Interaction.InterfaceSupport", "Oculus.Interaction.InterfaceSupport.csproj", "{40A2B82E-1DA3-B7CD-CAA6-0D1966AEFC8C}"
EndProject
Project("{FAE04EC0-301F-11D3-BF4B-00C04F79EFBC}") = "Oculus.AudioManager.Audio.Editor", "Oculus.AudioManager.Audio.Editor.csproj", "{513550B5-7B9D-BD3C-DE7E-0C337F213639}"
EndProject
Project("{FAE04EC0-301F-11D3-BF4B-00C04F79EFBC}") = "Meta.Voice.Samples.LiveUnderstanding", "Meta.Voice.Samples.LiveUnderstanding.csproj", "{3BF92A65-B1B2-2B7E-9550-91C1DFF5D947}"
EndProject
Project("{FAE04EC0-301F-11D3-BF4B-00C04F79EFBC}") = "VoiceSDK.Dictation.Editor", "VoiceSDK.Dictation.Editor.csproj", "{AFDB70B3-5A21-8DB9-3BBB-CFCBB8A34471}"
EndProject
Project("{FAE04EC0-301F-11D3-BF4B-00C04F79EFBC}") = "AssistantCoreSDKEditor", "AssistantCoreSDKEditor.csproj", "{45DF73B3-C604-1A32-EFD0-AA0FCF50ECE2}"
EndProject
Project("{FAE04EC0-301F-11D3-BF4B-00C04F79EFBC}") = "Meta.VoiceSDK.Mic.WebGL", "Meta.VoiceSDK.Mic.WebGL.csproj", "{25CE9421-73BF-CD71-E393-2C7F31150191}"
EndProject
Project("{FAE04EC0-301F-11D3-BF4B-00C04F79EFBC}") = "Meta.Voice.Hub.Runtime", "Meta.Voice.Hub.Runtime.csproj", "{8DEA6F02-C8BB-845D-9565-381C62458A3C}"
EndProject
Project("{FAE04EC0-301F-11D3-BF4B-00C04F79EFBC}") = "Meta.Voice.Samples.Chess", "Meta.Voice.Samples.Chess.csproj", "{1D665E1D-F5E2-CAEC-9F51-D5C1801155C6}"
EndProject
Project("{FAE04EC0-301F-11D3-BF4B-00C04F79EFBC}") = "Meta.Voice.Samples.Dictation", "Meta.Voice.Samples.Dictation.csproj", "{A9FA135E-449E-6808-6BCE-1CED8E1EB499}"
EndProject
Project("{FAE04EC0-301F-11D3-BF4B-00C04F79EFBC}") = "Meta.Voice.Samples.Shapes", "Meta.Voice.Samples.Shapes.csproj", "{4A7C1C11-63D8-036E-F374-E72B61B22BCD}"
EndProject
Project("{FAE04EC0-301F-11D3-BF4B-00C04F79EFBC}") = "Facebook.Wit.Dictation.Editor", "Facebook.Wit.Dictation.Editor.csproj", "{5C5C78B3-0860-7AB4-3AC5-E4A3CE4A7435}"
EndProject
Global
	GlobalSection(SolutionConfigurationPlatforms) = preSolution
		Debug|Any CPU = Debug|Any CPU
		Release|Any CPU = Release|Any CPU
	EndGlobalSection
	GlobalSection(ProjectConfigurationPlatforms) = postSolution
		{C4C3E648-C6F8-1030-963A-C0D13B34C2B4}.Debug|Any CPU.ActiveCfg = Debug|Any CPU
		{C4C3E648-C6F8-1030-963A-C0D13B34C2B4}.Debug|Any CPU.Build.0 = Debug|Any CPU
		{C4C3E648-C6F8-1030-963A-C0D13B34C2B4}.Release|Any CPU.ActiveCfg = Release|Any CPU
		{C4C3E648-C6F8-1030-963A-C0D13B34C2B4}.Release|Any CPU.Build.0 = Release|Any CPU
		{D9A52F73-6FE7-BDC7-C131-AC1FF830B7C9}.Debug|Any CPU.ActiveCfg = Debug|Any CPU
		{D9A52F73-6FE7-BDC7-C131-AC1FF830B7C9}.Debug|Any CPU.Build.0 = Debug|Any CPU
		{D9A52F73-6FE7-BDC7-C131-AC1FF830B7C9}.Release|Any CPU.ActiveCfg = Release|Any CPU
		{D9A52F73-6FE7-BDC7-C131-AC1FF830B7C9}.Release|Any CPU.Build.0 = Release|Any CPU
		{498AD3B6-A0CF-7C7E-CB66-EDEBC49C5624}.Debug|Any CPU.ActiveCfg = Debug|Any CPU
		{498AD3B6-A0CF-7C7E-CB66-EDEBC49C5624}.Debug|Any CPU.Build.0 = Debug|Any CPU
		{498AD3B6-A0CF-7C7E-CB66-EDEBC49C5624}.Release|Any CPU.ActiveCfg = Release|Any CPU
		{498AD3B6-A0CF-7C7E-CB66-EDEBC49C5624}.Release|Any CPU.Build.0 = Release|Any CPU
		{830DA310-0B82-C7F2-0570-7A6276D73582}.Debug|Any CPU.ActiveCfg = Debug|Any CPU
		{830DA310-0B82-C7F2-0570-7A6276D73582}.Debug|Any CPU.Build.0 = Debug|Any CPU
		{830DA310-0B82-C7F2-0570-7A6276D73582}.Release|Any CPU.ActiveCfg = Release|Any CPU
		{830DA310-0B82-C7F2-0570-7A6276D73582}.Release|Any CPU.Build.0 = Release|Any CPU
		{F9C42932-5EBB-EA02-3490-375E5425BDAC}.Debug|Any CPU.ActiveCfg = Debug|Any CPU
		{F9C42932-5EBB-EA02-3490-375E5425BDAC}.Debug|Any CPU.Build.0 = Debug|Any CPU
		{F9C42932-5EBB-EA02-3490-375E5425BDAC}.Release|Any CPU.ActiveCfg = Release|Any CPU
		{F9C42932-5EBB-EA02-3490-375E5425BDAC}.Release|Any CPU.Build.0 = Release|Any CPU
		{63753D2C-1BFF-B383-E23A-EC323F6BF814}.Debug|Any CPU.ActiveCfg = Debug|Any CPU
		{63753D2C-1BFF-B383-E23A-EC323F6BF814}.Debug|Any CPU.Build.0 = Debug|Any CPU
		{63753D2C-1BFF-B383-E23A-EC323F6BF814}.Release|Any CPU.ActiveCfg = Release|Any CPU
		{63753D2C-1BFF-B383-E23A-EC323F6BF814}.Release|Any CPU.Build.0 = Release|Any CPU
		{A58C4503-7F7D-1119-8DE8-68B5C7DC77B2}.Debug|Any CPU.ActiveCfg = Debug|Any CPU
		{A58C4503-7F7D-1119-8DE8-68B5C7DC77B2}.Debug|Any CPU.Build.0 = Debug|Any CPU
		{A58C4503-7F7D-1119-8DE8-68B5C7DC77B2}.Release|Any CPU.ActiveCfg = Release|Any CPU
		{A58C4503-7F7D-1119-8DE8-68B5C7DC77B2}.Release|Any CPU.Build.0 = Release|Any CPU
		{6D41E359-708C-0263-E384-4569E3B6B136}.Debug|Any CPU.ActiveCfg = Debug|Any CPU
		{6D41E359-708C-0263-E384-4569E3B6B136}.Debug|Any CPU.Build.0 = Debug|Any CPU
		{6D41E359-708C-0263-E384-4569E3B6B136}.Release|Any CPU.ActiveCfg = Release|Any CPU
		{6D41E359-708C-0263-E384-4569E3B6B136}.Release|Any CPU.Build.0 = Release|Any CPU
		{B831BDB0-3D52-2462-B6D2-019FA9987770}.Debug|Any CPU.ActiveCfg = Debug|Any CPU
		{B831BDB0-3D52-2462-B6D2-019FA9987770}.Debug|Any CPU.Build.0 = Debug|Any CPU
		{B831BDB0-3D52-2462-B6D2-019FA9987770}.Release|Any CPU.ActiveCfg = Release|Any CPU
		{B831BDB0-3D52-2462-B6D2-019FA9987770}.Release|Any CPU.Build.0 = Release|Any CPU
		{D2AC292F-C498-DA71-066A-4F76ACEE8CF8}.Debug|Any CPU.ActiveCfg = Debug|Any CPU
		{D2AC292F-C498-DA71-066A-4F76ACEE8CF8}.Debug|Any CPU.Build.0 = Debug|Any CPU
		{D2AC292F-C498-DA71-066A-4F76ACEE8CF8}.Release|Any CPU.ActiveCfg = Release|Any CPU
		{D2AC292F-C498-DA71-066A-4F76ACEE8CF8}.Release|Any CPU.Build.0 = Release|Any CPU
		{620A2057-2B93-DEB3-4262-AED8E167F5E6}.Debug|Any CPU.ActiveCfg = Debug|Any CPU
		{620A2057-2B93-DEB3-4262-AED8E167F5E6}.Debug|Any CPU.Build.0 = Debug|Any CPU
		{620A2057-2B93-DEB3-4262-AED8E167F5E6}.Release|Any CPU.ActiveCfg = Release|Any CPU
		{620A2057-2B93-DEB3-4262-AED8E167F5E6}.Release|Any CPU.Build.0 = Release|Any CPU
		{4E7136DF-8B92-70C1-7CD7-B80D1374FC71}.Debug|Any CPU.ActiveCfg = Debug|Any CPU
		{4E7136DF-8B92-70C1-7CD7-B80D1374FC71}.Debug|Any CPU.Build.0 = Debug|Any CPU
		{4E7136DF-8B92-70C1-7CD7-B80D1374FC71}.Release|Any CPU.ActiveCfg = Release|Any CPU
		{4E7136DF-8B92-70C1-7CD7-B80D1374FC71}.Release|Any CPU.Build.0 = Release|Any CPU
		{9DACCB49-947B-8EAD-9533-B737EE590618}.Debug|Any CPU.ActiveCfg = Debug|Any CPU
		{9DACCB49-947B-8EAD-9533-B737EE590618}.Debug|Any CPU.Build.0 = Debug|Any CPU
		{9DACCB49-947B-8EAD-9533-B737EE590618}.Release|Any CPU.ActiveCfg = Release|Any CPU
		{9DACCB49-947B-8EAD-9533-B737EE590618}.Release|Any CPU.Build.0 = Release|Any CPU
		{3D6A6F79-CC79-1144-46B8-23CE36D4F102}.Debug|Any CPU.ActiveCfg = Debug|Any CPU
		{3D6A6F79-CC79-1144-46B8-23CE36D4F102}.Debug|Any CPU.Build.0 = Debug|Any CPU
		{3D6A6F79-CC79-1144-46B8-23CE36D4F102}.Release|Any CPU.ActiveCfg = Release|Any CPU
		{3D6A6F79-CC79-1144-46B8-23CE36D4F102}.Release|Any CPU.Build.0 = Release|Any CPU
		{DF77F198-2612-EAAC-E829-691C1AE4EBCC}.Debug|Any CPU.ActiveCfg = Debug|Any CPU
		{DF77F198-2612-EAAC-E829-691C1AE4EBCC}.Debug|Any CPU.Build.0 = Debug|Any CPU
		{DF77F198-2612-EAAC-E829-691C1AE4EBCC}.Release|Any CPU.ActiveCfg = Release|Any CPU
		{DF77F198-2612-EAAC-E829-691C1AE4EBCC}.Release|Any CPU.Build.0 = Release|Any CPU
		{5F4EA603-1B77-C2DB-E8E2-11C72E3C5553}.Debug|Any CPU.ActiveCfg = Debug|Any CPU
		{5F4EA603-1B77-C2DB-E8E2-11C72E3C5553}.Debug|Any CPU.Build.0 = Debug|Any CPU
		{5F4EA603-1B77-C2DB-E8E2-11C72E3C5553}.Release|Any CPU.ActiveCfg = Release|Any CPU
		{5F4EA603-1B77-C2DB-E8E2-11C72E3C5553}.Release|Any CPU.Build.0 = Release|Any CPU
		{8ED133D0-0377-24B9-409B-20112EDA98D8}.Debug|Any CPU.ActiveCfg = Debug|Any CPU
		{8ED133D0-0377-24B9-409B-20112EDA98D8}.Debug|Any CPU.Build.0 = Debug|Any CPU
		{8ED133D0-0377-24B9-409B-20112EDA98D8}.Release|Any CPU.ActiveCfg = Release|Any CPU
		{8ED133D0-0377-24B9-409B-20112EDA98D8}.Release|Any CPU.Build.0 = Release|Any CPU
		{82D51E8D-68B6-B50D-2AB5-860BF92B68F2}.Debug|Any CPU.ActiveCfg = Debug|Any CPU
		{82D51E8D-68B6-B50D-2AB5-860BF92B68F2}.Debug|Any CPU.Build.0 = Debug|Any CPU
		{82D51E8D-68B6-B50D-2AB5-860BF92B68F2}.Release|Any CPU.ActiveCfg = Release|Any CPU
		{82D51E8D-68B6-B50D-2AB5-860BF92B68F2}.Release|Any CPU.Build.0 = Release|Any CPU
		{A964225B-5A6E-F98A-1DCD-7289DC20FD75}.Debug|Any CPU.ActiveCfg = Debug|Any CPU
		{A964225B-5A6E-F98A-1DCD-7289DC20FD75}.Debug|Any CPU.Build.0 = Debug|Any CPU
		{A964225B-5A6E-F98A-1DCD-7289DC20FD75}.Release|Any CPU.ActiveCfg = Release|Any CPU
		{A964225B-5A6E-F98A-1DCD-7289DC20FD75}.Release|Any CPU.Build.0 = Release|Any CPU
		{A89711ED-15CC-0639-8CC7-7CDEE300CE48}.Debug|Any CPU.ActiveCfg = Debug|Any CPU
		{A89711ED-15CC-0639-8CC7-7CDEE300CE48}.Debug|Any CPU.Build.0 = Debug|Any CPU
		{A89711ED-15CC-0639-8CC7-7CDEE300CE48}.Release|Any CPU.ActiveCfg = Release|Any CPU
		{A89711ED-15CC-0639-8CC7-7CDEE300CE48}.Release|Any CPU.Build.0 = Release|Any CPU
		{BE3371B4-1771-235D-EF30-31EA46DA83F7}.Debug|Any CPU.ActiveCfg = Debug|Any CPU
		{BE3371B4-1771-235D-EF30-31EA46DA83F7}.Debug|Any CPU.Build.0 = Debug|Any CPU
		{BE3371B4-1771-235D-EF30-31EA46DA83F7}.Release|Any CPU.ActiveCfg = Release|Any CPU
		{BE3371B4-1771-235D-EF30-31EA46DA83F7}.Release|Any CPU.Build.0 = Release|Any CPU
		{C7884769-BFCC-E653-4700-BDAFA097E44E}.Debug|Any CPU.ActiveCfg = Debug|Any CPU
		{C7884769-BFCC-E653-4700-BDAFA097E44E}.Debug|Any CPU.Build.0 = Debug|Any CPU
		{C7884769-BFCC-E653-4700-BDAFA097E44E}.Release|Any CPU.ActiveCfg = Release|Any CPU
		{C7884769-BFCC-E653-4700-BDAFA097E44E}.Release|Any CPU.Build.0 = Release|Any CPU
		{7DF0084B-F3FE-A2FF-EA8E-4AC9422C76C2}.Debug|Any CPU.ActiveCfg = Debug|Any CPU
		{7DF0084B-F3FE-A2FF-EA8E-4AC9422C76C2}.Debug|Any CPU.Build.0 = Debug|Any CPU
		{7DF0084B-F3FE-A2FF-EA8E-4AC9422C76C2}.Release|Any CPU.ActiveCfg = Release|Any CPU
		{7DF0084B-F3FE-A2FF-EA8E-4AC9422C76C2}.Release|Any CPU.Build.0 = Release|Any CPU
		{B9FCABD4-A699-67FF-6AD7-79E282FDCC84}.Debug|Any CPU.ActiveCfg = Debug|Any CPU
		{B9FCABD4-A699-67FF-6AD7-79E282FDCC84}.Debug|Any CPU.Build.0 = Debug|Any CPU
		{B9FCABD4-A699-67FF-6AD7-79E282FDCC84}.Release|Any CPU.ActiveCfg = Release|Any CPU
		{B9FCABD4-A699-67FF-6AD7-79E282FDCC84}.Release|Any CPU.Build.0 = Release|Any CPU
		{DBEE18F7-2356-69A2-17B0-B9E807D82249}.Debug|Any CPU.ActiveCfg = Debug|Any CPU
		{DBEE18F7-2356-69A2-17B0-B9E807D82249}.Debug|Any CPU.Build.0 = Debug|Any CPU
		{DBEE18F7-2356-69A2-17B0-B9E807D82249}.Release|Any CPU.ActiveCfg = Release|Any CPU
		{DBEE18F7-2356-69A2-17B0-B9E807D82249}.Release|Any CPU.Build.0 = Release|Any CPU
		{D2BBC113-4F94-9483-CA53-017BB1C3C229}.Debug|Any CPU.ActiveCfg = Debug|Any CPU
		{D2BBC113-4F94-9483-CA53-017BB1C3C229}.Debug|Any CPU.Build.0 = Debug|Any CPU
		{D2BBC113-4F94-9483-CA53-017BB1C3C229}.Release|Any CPU.ActiveCfg = Release|Any CPU
		{D2BBC113-4F94-9483-CA53-017BB1C3C229}.Release|Any CPU.Build.0 = Release|Any CPU
		{64C4B976-69E9-EFA8-D450-3BF54FC203BF}.Debug|Any CPU.ActiveCfg = Debug|Any CPU
		{64C4B976-69E9-EFA8-D450-3BF54FC203BF}.Debug|Any CPU.Build.0 = Debug|Any CPU
		{64C4B976-69E9-EFA8-D450-3BF54FC203BF}.Release|Any CPU.ActiveCfg = Release|Any CPU
		{64C4B976-69E9-EFA8-D450-3BF54FC203BF}.Release|Any CPU.Build.0 = Release|Any CPU
		{BA1CD3B4-3955-D815-C626-D46C5CC06798}.Debug|Any CPU.ActiveCfg = Debug|Any CPU
		{BA1CD3B4-3955-D815-C626-D46C5CC06798}.Debug|Any CPU.Build.0 = Debug|Any CPU
		{BA1CD3B4-3955-D815-C626-D46C5CC06798}.Release|Any CPU.ActiveCfg = Release|Any CPU
		{BA1CD3B4-3955-D815-C626-D46C5CC06798}.Release|Any CPU.Build.0 = Release|Any CPU
		{921DFA35-C6CA-82DE-5BF3-DCCA7ABD5506}.Debug|Any CPU.ActiveCfg = Debug|Any CPU
		{921DFA35-C6CA-82DE-5BF3-DCCA7ABD5506}.Debug|Any CPU.Build.0 = Debug|Any CPU
		{921DFA35-C6CA-82DE-5BF3-DCCA7ABD5506}.Release|Any CPU.ActiveCfg = Release|Any CPU
		{921DFA35-C6CA-82DE-5BF3-DCCA7ABD5506}.Release|Any CPU.Build.0 = Release|Any CPU
		{645DA9D3-25AD-BC08-92BA-97FA2AAD90AD}.Debug|Any CPU.ActiveCfg = Debug|Any CPU
		{645DA9D3-25AD-BC08-92BA-97FA2AAD90AD}.Debug|Any CPU.Build.0 = Debug|Any CPU
		{645DA9D3-25AD-BC08-92BA-97FA2AAD90AD}.Release|Any CPU.ActiveCfg = Release|Any CPU
		{645DA9D3-25AD-BC08-92BA-97FA2AAD90AD}.Release|Any CPU.Build.0 = Release|Any CPU
		{D8C1EB04-D108-E5D0-4E84-110CAB457A29}.Debug|Any CPU.ActiveCfg = Debug|Any CPU
		{D8C1EB04-D108-E5D0-4E84-110CAB457A29}.Debug|Any CPU.Build.0 = Debug|Any CPU
		{D8C1EB04-D108-E5D0-4E84-110CAB457A29}.Release|Any CPU.ActiveCfg = Release|Any CPU
		{D8C1EB04-D108-E5D0-4E84-110CAB457A29}.Release|Any CPU.Build.0 = Release|Any CPU
		{AA78CBE6-44F8-3A16-1AC0-33BEC873AD27}.Debug|Any CPU.ActiveCfg = Debug|Any CPU
		{AA78CBE6-44F8-3A16-1AC0-33BEC873AD27}.Debug|Any CPU.Build.0 = Debug|Any CPU
		{AA78CBE6-44F8-3A16-1AC0-33BEC873AD27}.Release|Any CPU.ActiveCfg = Release|Any CPU
		{AA78CBE6-44F8-3A16-1AC0-33BEC873AD27}.Release|Any CPU.Build.0 = Release|Any CPU
		{578EA1D8-BABB-1B59-1CF9-2B453CB2927A}.Debug|Any CPU.ActiveCfg = Debug|Any CPU
		{578EA1D8-BABB-1B59-1CF9-2B453CB2927A}.Debug|Any CPU.Build.0 = Debug|Any CPU
		{578EA1D8-BABB-1B59-1CF9-2B453CB2927A}.Release|Any CPU.ActiveCfg = Release|Any CPU
		{578EA1D8-BABB-1B59-1CF9-2B453CB2927A}.Release|Any CPU.Build.0 = Release|Any CPU
		{A12B248D-999E-5641-653A-46DD647C14AC}.Debug|Any CPU.ActiveCfg = Debug|Any CPU
		{A12B248D-999E-5641-653A-46DD647C14AC}.Debug|Any CPU.Build.0 = Debug|Any CPU
		{A12B248D-999E-5641-653A-46DD647C14AC}.Release|Any CPU.ActiveCfg = Release|Any CPU
		{A12B248D-999E-5641-653A-46DD647C14AC}.Release|Any CPU.Build.0 = Release|Any CPU
		{E1D8E208-99AA-AD58-A220-B1565ABC858F}.Debug|Any CPU.ActiveCfg = Debug|Any CPU
		{E1D8E208-99AA-AD58-A220-B1565ABC858F}.Debug|Any CPU.Build.0 = Debug|Any CPU
		{E1D8E208-99AA-AD58-A220-B1565ABC858F}.Release|Any CPU.ActiveCfg = Release|Any CPU
		{E1D8E208-99AA-AD58-A220-B1565ABC858F}.Release|Any CPU.Build.0 = Release|Any CPU
		{30B3E77A-C9DA-2C32-9780-6BC7A83A5688}.Debug|Any CPU.ActiveCfg = Debug|Any CPU
		{30B3E77A-C9DA-2C32-9780-6BC7A83A5688}.Debug|Any CPU.Build.0 = Debug|Any CPU
		{30B3E77A-C9DA-2C32-9780-6BC7A83A5688}.Release|Any CPU.ActiveCfg = Release|Any CPU
		{30B3E77A-C9DA-2C32-9780-6BC7A83A5688}.Release|Any CPU.Build.0 = Release|Any CPU
		{AD9CDEF4-9766-9082-5251-23FF0B6DF677}.Debug|Any CPU.ActiveCfg = Debug|Any CPU
		{AD9CDEF4-9766-9082-5251-23FF0B6DF677}.Debug|Any CPU.Build.0 = Debug|Any CPU
		{AD9CDEF4-9766-9082-5251-23FF0B6DF677}.Release|Any CPU.ActiveCfg = Release|Any CPU
		{AD9CDEF4-9766-9082-5251-23FF0B6DF677}.Release|Any CPU.Build.0 = Release|Any CPU
		{4B1BB34A-3E82-90FB-6343-412FFA1CCAAF}.Debug|Any CPU.ActiveCfg = Debug|Any CPU
		{4B1BB34A-3E82-90FB-6343-412FFA1CCAAF}.Debug|Any CPU.Build.0 = Debug|Any CPU
		{4B1BB34A-3E82-90FB-6343-412FFA1CCAAF}.Release|Any CPU.ActiveCfg = Release|Any CPU
		{4B1BB34A-3E82-90FB-6343-412FFA1CCAAF}.Release|Any CPU.Build.0 = Release|Any CPU
		{3A7F48BF-6D24-D9D0-9B48-2181837323F2}.Debug|Any CPU.ActiveCfg = Debug|Any CPU
		{3A7F48BF-6D24-D9D0-9B48-2181837323F2}.Debug|Any CPU.Build.0 = Debug|Any CPU
		{3A7F48BF-6D24-D9D0-9B48-2181837323F2}.Release|Any CPU.ActiveCfg = Release|Any CPU
		{3A7F48BF-6D24-D9D0-9B48-2181837323F2}.Release|Any CPU.Build.0 = Release|Any CPU
		{A68618BF-00FF-04E4-AEE3-7E357F80C030}.Debug|Any CPU.ActiveCfg = Debug|Any CPU
		{A68618BF-00FF-04E4-AEE3-7E357F80C030}.Debug|Any CPU.Build.0 = Debug|Any CPU
		{A68618BF-00FF-04E4-AEE3-7E357F80C030}.Release|Any CPU.ActiveCfg = Release|Any CPU
		{A68618BF-00FF-04E4-AEE3-7E357F80C030}.Release|Any CPU.Build.0 = Release|Any CPU
		{0D458B5A-7F88-39DF-8C2E-70FADD4C6226}.Debug|Any CPU.ActiveCfg = Debug|Any CPU
		{0D458B5A-7F88-39DF-8C2E-70FADD4C6226}.Debug|Any CPU.Build.0 = Debug|Any CPU
		{0D458B5A-7F88-39DF-8C2E-70FADD4C6226}.Release|Any CPU.ActiveCfg = Release|Any CPU
		{0D458B5A-7F88-39DF-8C2E-70FADD4C6226}.Release|Any CPU.Build.0 = Release|Any CPU
		{62171870-1669-1C07-E457-D0E700F42217}.Debug|Any CPU.ActiveCfg = Debug|Any CPU
		{62171870-1669-1C07-E457-D0E700F42217}.Debug|Any CPU.Build.0 = Debug|Any CPU
		{62171870-1669-1C07-E457-D0E700F42217}.Release|Any CPU.ActiveCfg = Release|Any CPU
		{62171870-1669-1C07-E457-D0E700F42217}.Release|Any CPU.Build.0 = Release|Any CPU
		{3426C65C-0376-624D-DE38-67E70ECFB37A}.Debug|Any CPU.ActiveCfg = Debug|Any CPU
		{3426C65C-0376-624D-DE38-67E70ECFB37A}.Debug|Any CPU.Build.0 = Debug|Any CPU
		{3426C65C-0376-624D-DE38-67E70ECFB37A}.Release|Any CPU.ActiveCfg = Release|Any CPU
		{3426C65C-0376-624D-DE38-67E70ECFB37A}.Release|Any CPU.Build.0 = Release|Any CPU
		{40A2B82E-1DA3-B7CD-CAA6-0D1966AEFC8C}.Debug|Any CPU.ActiveCfg = Debug|Any CPU
		{40A2B82E-1DA3-B7CD-CAA6-0D1966AEFC8C}.Debug|Any CPU.Build.0 = Debug|Any CPU
		{40A2B82E-1DA3-B7CD-CAA6-0D1966AEFC8C}.Release|Any CPU.ActiveCfg = Release|Any CPU
		{40A2B82E-1DA3-B7CD-CAA6-0D1966AEFC8C}.Release|Any CPU.Build.0 = Release|Any CPU
		{513550B5-7B9D-BD3C-DE7E-0C337F213639}.Debug|Any CPU.ActiveCfg = Debug|Any CPU
		{513550B5-7B9D-BD3C-DE7E-0C337F213639}.Debug|Any CPU.Build.0 = Debug|Any CPU
		{513550B5-7B9D-BD3C-DE7E-0C337F213639}.Release|Any CPU.ActiveCfg = Release|Any CPU
		{513550B5-7B9D-BD3C-DE7E-0C337F213639}.Release|Any CPU.Build.0 = Release|Any CPU
		{3BF92A65-B1B2-2B7E-9550-91C1DFF5D947}.Debug|Any CPU.ActiveCfg = Debug|Any CPU
		{3BF92A65-B1B2-2B7E-9550-91C1DFF5D947}.Debug|Any CPU.Build.0 = Debug|Any CPU
		{3BF92A65-B1B2-2B7E-9550-91C1DFF5D947}.Release|Any CPU.ActiveCfg = Release|Any CPU
		{3BF92A65-B1B2-2B7E-9550-91C1DFF5D947}.Release|Any CPU.Build.0 = Release|Any CPU
		{AFDB70B3-5A21-8DB9-3BBB-CFCBB8A34471}.Debug|Any CPU.ActiveCfg = Debug|Any CPU
		{AFDB70B3-5A21-8DB9-3BBB-CFCBB8A34471}.Debug|Any CPU.Build.0 = Debug|Any CPU
		{AFDB70B3-5A21-8DB9-3BBB-CFCBB8A34471}.Release|Any CPU.ActiveCfg = Release|Any CPU
		{AFDB70B3-5A21-8DB9-3BBB-CFCBB8A34471}.Release|Any CPU.Build.0 = Release|Any CPU
		{45DF73B3-C604-1A32-EFD0-AA0FCF50ECE2}.Debug|Any CPU.ActiveCfg = Debug|Any CPU
		{45DF73B3-C604-1A32-EFD0-AA0FCF50ECE2}.Debug|Any CPU.Build.0 = Debug|Any CPU
		{45DF73B3-C604-1A32-EFD0-AA0FCF50ECE2}.Release|Any CPU.ActiveCfg = Release|Any CPU
		{45DF73B3-C604-1A32-EFD0-AA0FCF50ECE2}.Release|Any CPU.Build.0 = Release|Any CPU
		{25CE9421-73BF-CD71-E393-2C7F31150191}.Debug|Any CPU.ActiveCfg = Debug|Any CPU
		{25CE9421-73BF-CD71-E393-2C7F31150191}.Debug|Any CPU.Build.0 = Debug|Any CPU
		{25CE9421-73BF-CD71-E393-2C7F31150191}.Release|Any CPU.ActiveCfg = Release|Any CPU
		{25CE9421-73BF-CD71-E393-2C7F31150191}.Release|Any CPU.Build.0 = Release|Any CPU
		{8DEA6F02-C8BB-845D-9565-381C62458A3C}.Debug|Any CPU.ActiveCfg = Debug|Any CPU
		{8DEA6F02-C8BB-845D-9565-381C62458A3C}.Debug|Any CPU.Build.0 = Debug|Any CPU
		{8DEA6F02-C8BB-845D-9565-381C62458A3C}.Release|Any CPU.ActiveCfg = Release|Any CPU
		{8DEA6F02-C8BB-845D-9565-381C62458A3C}.Release|Any CPU.Build.0 = Release|Any CPU
		{1D665E1D-F5E2-CAEC-9F51-D5C1801155C6}.Debug|Any CPU.ActiveCfg = Debug|Any CPU
		{1D665E1D-F5E2-CAEC-9F51-D5C1801155C6}.Debug|Any CPU.Build.0 = Debug|Any CPU
		{1D665E1D-F5E2-CAEC-9F51-D5C1801155C6}.Release|Any CPU.ActiveCfg = Release|Any CPU
		{1D665E1D-F5E2-CAEC-9F51-D5C1801155C6}.Release|Any CPU.Build.0 = Release|Any CPU
		{A9FA135E-449E-6808-6BCE-1CED8E1EB499}.Debug|Any CPU.ActiveCfg = Debug|Any CPU
		{A9FA135E-449E-6808-6BCE-1CED8E1EB499}.Debug|Any CPU.Build.0 = Debug|Any CPU
		{A9FA135E-449E-6808-6BCE-1CED8E1EB499}.Release|Any CPU.ActiveCfg = Release|Any CPU
		{A9FA135E-449E-6808-6BCE-1CED8E1EB499}.Release|Any CPU.Build.0 = Release|Any CPU
		{4A7C1C11-63D8-036E-F374-E72B61B22BCD}.Debug|Any CPU.ActiveCfg = Debug|Any CPU
		{4A7C1C11-63D8-036E-F374-E72B61B22BCD}.Debug|Any CPU.Build.0 = Debug|Any CPU
		{4A7C1C11-63D8-036E-F374-E72B61B22BCD}.Release|Any CPU.ActiveCfg = Release|Any CPU
		{4A7C1C11-63D8-036E-F374-E72B61B22BCD}.Release|Any CPU.Build.0 = Release|Any CPU
		{5C5C78B3-0860-7AB4-3AC5-E4A3CE4A7435}.Debug|Any CPU.ActiveCfg = Debug|Any CPU
		{5C5C78B3-0860-7AB4-3AC5-E4A3CE4A7435}.Debug|Any CPU.Build.0 = Debug|Any CPU
		{5C5C78B3-0860-7AB4-3AC5-E4A3CE4A7435}.Release|Any CPU.ActiveCfg = Release|Any CPU
		{5C5C78B3-0860-7AB4-3AC5-E4A3CE4A7435}.Release|Any CPU.Build.0 = Release|Any CPU
	EndGlobalSection
	GlobalSection(SolutionProperties) = preSolution
		HideSolutionNode = FALSE
	EndGlobalSection
EndGlobal
